
Microsoft Visual Studio Solution File, Format Version 12.00
# Visual Studio Version 17
VisualStudioVersion = 17.0.31903.59
MinimumVisualStudioVersion = 10.0.40219.1
Project("{FAE04EC0-301F-11D3-BF4B-00C04F79EFBC}") = "GasNet", "src\GasNet\GasNet.csproj", "{1A2B3C4D-0001-4A61-9B0E-000000000001}"
EndProject
Project("{FAE04EC0-301F-11D3-BF4B-00C04F79EFBC}") = "GasNet.Sample", "src\GasNet.Sample\GasNet.Sample.csproj", "{1A2B3C4D-0002-4A61-9B0E-000000000002}"
EndProject
Project("{FAE04EC0-301F-11D3-BF4B-00C04F79EFBC}") = "GasNet.Demo", "src\GasNet.Demo\GasNet.Demo.csproj", "{1A2B3C4D-0003-4A61-9B0E-000000000003}"
EndProject
Project("{FAE04EC0-301F-11D3-BF4B-00C04F79EFBC}") = "GasNet.Tests", "tests\GasNet.Tests\GasNet.Tests.csproj", "{1A2B3C4D-0004-4A61-9B0E-000000000004}"
EndProject
Project("{2150E333-8FDC-42A3-9474-1A3956D46DE8}") = "src", "src", "{827E0CD3-B72D-47B6-A68D-7590B98EB39B}"
EndProject
Project("{FAE04EC0-301F-11D3-BF4B-00C04F79EFBC}") = "GasNet.Data", "src\GasNet.Data\GasNet.Data.csproj", "{A8DED107-12F8-4845-93D2-09B77D9BE162}"
EndProject
Project("{2150E333-8FDC-42A3-9474-1A3956D46DE8}") = "tools", "tools", "{07C2787E-EAC7-C090-1BA3-A61EC2A24D84}"
EndProject
Project("{FAE04EC0-301F-11D3-BF4B-00C04F79EFBC}") = "GasNet.Editor", "tools\GasNet.Editor\GasNet.Editor.csproj", "{FEFDC0E5-3E86-4C6B-91D9-5D2BADE0A18B}"
EndProject
Project("{2150E333-8FDC-42A3-9474-1A3956D46DE8}") = "tests", "tests", "{0AB3BF05-4346-4AA6-1389-037BE0695223}"
EndProject
Project("{FAE04EC0-301F-11D3-BF4B-00C04F79EFBC}") = "GasNet.Editor.Tests", "tests\GasNet.Editor.Tests\GasNet.Editor.Tests.csproj", "{0268035F-017F-4E87-9A7F-4D7E50F49761}"
EndProject
Global
	GlobalSection(SolutionConfigurationPlatforms) = preSolution
		Debug|Any CPU = Debug|Any CPU
		Debug|x64 = Debug|x64
		Debug|x86 = Debug|x86
		Release|Any CPU = Release|Any CPU
		Release|x64 = Release|x64
		Release|x86 = Release|x86
	EndGlobalSection
	GlobalSection(ProjectConfigurationPlatforms) = postSolution
		{1A2B3C4D-0001-4A61-9B0E-000000000001}.Debug|Any CPU.ActiveCfg = Debug|Any CPU
		{1A2B3C4D-0001-4A61-9B0E-000000000001}.Debug|Any CPU.Build.0 = Debug|Any CPU
		{1A2B3C4D-0001-4A61-9B0E-000000000001}.Debug|x64.ActiveCfg = Debug|Any CPU
		{1A2B3C4D-0001-4A61-9B0E-000000000001}.Debug|x64.Build.0 = Debug|Any CPU
		{1A2B3C4D-0001-4A61-9B0E-000000000001}.Debug|x86.ActiveCfg = Debug|Any CPU
		{1A2B3C4D-0001-4A61-9B0E-000000000001}.Debug|x86.Build.0 = Debug|Any CPU
		{1A2B3C4D-0001-4A61-9B0E-000000000001}.Release|Any CPU.ActiveCfg = Release|Any CPU
		{1A2B3C4D-0001-4A61-9B0E-000000000001}.Release|Any CPU.Build.0 = Release|Any CPU
		{1A2B3C4D-0001-4A61-9B0E-000000000001}.Release|x64.ActiveCfg = Release|Any CPU
		{1A2B3C4D-0001-4A61-9B0E-000000000001}.Release|x64.Build.0 = Release|Any CPU
		{1A2B3C4D-0001-4A61-9B0E-000000000001}.Release|x86.ActiveCfg = Release|Any CPU
		{1A2B3C4D-0001-4A61-9B0E-000000000001}.Release|x86.Build.0 = Release|Any CPU
		{1A2B3C4D-0002-4A61-9B0E-000000000002}.Debug|Any CPU.ActiveCfg = Debug|Any CPU
		{1A2B3C4D-0002-4A61-9B0E-000000000002}.Debug|Any CPU.Build.0 = Debug|Any CPU
		{1A2B3C4D-0002-4A61-9B0E-000000000002}.Debug|x64.ActiveCfg = Debug|Any CPU
		{1A2B3C4D-0002-4A61-9B0E-000000000002}.Debug|x64.Build.0 = Debug|Any CPU
		{1A2B3C4D-0002-4A61-9B0E-000000000002}.Debug|x86.ActiveCfg = Debug|Any CPU
		{1A2B3C4D-0002-4A61-9B0E-000000000002}.Debug|x86.Build.0 = Debug|Any CPU
		{1A2B3C4D-0002-4A61-9B0E-000000000002}.Release|Any CPU.ActiveCfg = Release|Any CPU
		{1A2B3C4D-0002-4A61-9B0E-000000000002}.Release|Any CPU.Build.0 = Release|Any CPU
		{1A2B3C4D-0002-4A61-9B0E-000000000002}.Release|x64.ActiveCfg = Release|Any CPU
		{1A2B3C4D-0002-4A61-9B0E-000000000002}.Release|x64.Build.0 = Release|Any CPU
		{1A2B3C4D-0002-4A61-9B0E-000000000002}.Release|x86.ActiveCfg = Release|Any CPU
		{1A2B3C4D-0002-4A61-9B0E-000000000002}.Release|x86.Build.0 = Release|Any CPU
		{1A2B3C4D-0003-4A61-9B0E-000000000003}.Debug|Any CPU.ActiveCfg = Debug|Any CPU
		{1A2B3C4D-0003-4A61-9B0E-000000000003}.Debug|Any CPU.Build.0 = Debug|Any CPU
		{1A2B3C4D-0003-4A61-9B0E-000000000003}.Debug|x64.ActiveCfg = Debug|Any CPU
		{1A2B3C4D-0003-4A61-9B0E-000000000003}.Debug|x64.Build.0 = Debug|Any CPU
		{1A2B3C4D-0003-4A61-9B0E-000000000003}.Debug|x86.ActiveCfg = Debug|Any CPU
		{1A2B3C4D-0003-4A61-9B0E-000000000003}.Debug|x86.Build.0 = Debug|Any CPU
		{1A2B3C4D-0003-4A61-9B0E-000000000003}.Release|Any CPU.ActiveCfg = Release|Any CPU
		{1A2B3C4D-0003-4A61-9B0E-000000000003}.Release|Any CPU.Build.0 = Release|Any CPU
		{1A2B3C4D-0003-4A61-9B0E-000000000003}.Release|x64.ActiveCfg = Release|Any CPU
		{1A2B3C4D-0003-4A61-9B0E-000000000003}.Release|x64.Build.0 = Release|Any CPU
		{1A2B3C4D-0003-4A61-9B0E-000000000003}.Release|x86.ActiveCfg = Release|Any CPU
		{1A2B3C4D-0003-4A61-9B0E-000000000003}.Release|x86.Build.0 = Release|Any CPU
		{1A2B3C4D-0004-4A61-9B0E-000000000004}.Debug|Any CPU.ActiveCfg = Debug|Any CPU
		{1A2B3C4D-0004-4A61-9B0E-000000000004}.Debug|Any CPU.Build.0 = Debug|Any CPU
		{1A2B3C4D-0004-4A61-9B0E-000000000004}.Debug|x64.ActiveCfg = Debug|Any CPU
		{1A2B3C4D-0004-4A61-9B0E-000000000004}.Debug|x64.Build.0 = Debug|Any CPU
		{1A2B3C4D-0004-4A61-9B0E-000000000004}.Debug|x86.ActiveCfg = Debug|Any CPU
		{1A2B3C4D-0004-4A61-9B0E-000000000004}.Debug|x86.Build.0 = Debug|Any CPU
		{1A2B3C4D-0004-4A61-9B0E-000000000004}.Release|Any CPU.ActiveCfg = Release|Any CPU
		{1A2B3C4D-0004-4A61-9B0E-000000000004}.Release|Any CPU.Build.0 = Release|Any CPU
		{1A2B3C4D-0004-4A61-9B0E-000000000004}.Release|x64.ActiveCfg = Release|Any CPU
		{1A2B3C4D-0004-4A61-9B0E-000000000004}.Release|x64.Build.0 = Release|Any CPU
		{1A2B3C4D-0004-4A61-9B0E-000000000004}.Release|x86.ActiveCfg = Release|Any CPU
		{1A2B3C4D-0004-4A61-9B0E-000000000004}.Release|x86.Build.0 = Release|Any CPU
		{A8DED107-12F8-4845-93D2-09B77D9BE162}.Debug|Any CPU.ActiveCfg = Debug|Any CPU
		{A8DED107-12F8-4845-93D2-09B77D9BE162}.Debug|Any CPU.Build.0 = Debug|Any CPU
		{A8DED107-12F8-4845-93D2-09B77D9BE162}.Debug|x64.ActiveCfg = Debug|Any CPU
		{A8DED107-12F8-4845-93D2-09B77D9BE162}.Debug|x64.Build.0 = Debug|Any CPU
		{A8DED107-12F8-4845-93D2-09B77D9BE162}.Debug|x86.ActiveCfg = Debug|Any CPU
		{A8DED107-12F8-4845-93D2-09B77D9BE162}.Debug|x86.Build.0 = Debug|Any CPU
		{A8DED107-12F8-4845-93D2-09B77D9BE162}.Release|Any CPU.ActiveCfg = Release|Any CPU
		{A8DED107-12F8-4845-93D2-09B77D9BE162}.Release|Any CPU.Build.0 = Release|Any CPU
		{A8DED107-12F8-4845-93D2-09B77D9BE162}.Release|x64.ActiveCfg = Release|Any CPU
		{A8DED107-12F8-4845-93D2-09B77D9BE162}.Release|x64.Build.0 = Release|Any CPU
		{A8DED107-12F8-4845-93D2-09B77D9BE162}.Release|x86.ActiveCfg = Release|Any CPU
		{A8DED107-12F8-4845-93D2-09B77D9BE162}.Release|x86.Build.0 = Release|Any CPU
		{FEFDC0E5-3E86-4C6B-91D9-5D2BADE0A18B}.Debug|Any CPU.ActiveCfg = Debug|Any CPU
		{FEFDC0E5-3E86-4C6B-91D9-5D2BADE0A18B}.Debug|Any CPU.Build.0 = Debug|Any CPU
		{FEFDC0E5-3E86-4C6B-91D9-5D2BADE0A18B}.Debug|x64.ActiveCfg = Debug|Any CPU
		{FEFDC0E5-3E86-4C6B-91D9-5D2BADE0A18B}.Debug|x64.Build.0 = Debug|Any CPU
		{FEFDC0E5-3E86-4C6B-91D9-5D2BADE0A18B}.Debug|x86.ActiveCfg = Debug|Any CPU
		{FEFDC0E5-3E86-4C6B-91D9-5D2BADE0A18B}.Debug|x86.Build.0 = Debug|Any CPU
		{FEFDC0E5-3E86-4C6B-91D9-5D2BADE0A18B}.Release|Any CPU.ActiveCfg = Release|Any CPU
		{FEFDC0E5-3E86-4C6B-91D9-5D2BADE0A18B}.Release|Any CPU.Build.0 = Release|Any CPU
		{FEFDC0E5-3E86-4C6B-91D9-5D2BADE0A18B}.Release|x64.ActiveCfg = Release|Any CPU
		{FEFDC0E5-3E86-4C6B-91D9-5D2BADE0A18B}.Release|x64.Build.0 = Release|Any CPU
		{FEFDC0E5-3E86-4C6B-91D9-5D2BADE0A18B}.Release|x86.ActiveCfg = Release|Any CPU
		{FEFDC0E5-3E86-4C6B-91D9-5D2BADE0A18B}.Release|x86.Build.0 = Release|Any CPU
		{0268035F-017F-4E87-9A7F-4D7E50F49761}.Debug|Any CPU.ActiveCfg = Debug|Any CPU
		{0268035F-017F-4E87-9A7F-4D7E50F49761}.Debug|Any CPU.Build.0 = Debug|Any CPU
		{0268035F-017F-4E87-9A7F-4D7E50F49761}.Debug|x64.ActiveCfg = Debug|Any CPU
		{0268035F-017F-4E87-9A7F-4D7E50F49761}.Debug|x64.Build.0 = Debug|Any CPU
		{0268035F-017F-4E87-9A7F-4D7E50F49761}.Debug|x86.ActiveCfg = Debug|Any CPU
		{0268035F-017F-4E87-9A7F-4D7E50F49761}.Debug|x86.Build.0 = Debug|Any CPU
		{0268035F-017F-4E87-9A7F-4D7E50F49761}.Release|Any CPU.ActiveCfg = Release|Any CPU
		{0268035F-017F-4E87-9A7F-4D7E50F49761}.Release|Any CPU.Build.0 = Release|Any CPU
		{0268035F-017F-4E87-9A7F-4D7E50F49761}.Release|x64.ActiveCfg = Release|Any CPU
		{0268035F-017F-4E87-9A7F-4D7E50F49761}.Release|x64.Build.0 = Release|Any CPU
		{0268035F-017F-4E87-9A7F-4D7E50F49761}.Release|x86.ActiveCfg = Release|Any CPU
		{0268035F-017F-4E87-9A7F-4D7E50F49761}.Release|x86.Build.0 = Release|Any CPU
	EndGlobalSection
	GlobalSection(SolutionProperties) = preSolution
		HideSolutionNode = FALSE
	EndGlobalSection
	GlobalSection(NestedProjects) = preSolution
		{A8DED107-12F8-4845-93D2-09B77D9BE162} = {827E0CD3-B72D-47B6-A68D-7590B98EB39B}
		{FEFDC0E5-3E86-4C6B-91D9-5D2BADE0A18B} = {07C2787E-EAC7-C090-1BA3-A61EC2A24D84}
		{0268035F-017F-4E87-9A7F-4D7E50F49761} = {0AB3BF05-4346-4AA6-1389-037BE0695223}
	EndGlobalSection
EndGlobal
